
Microsoft Visual Studio Solution File, Format Version 12.00
# Visual Studio Version 17
VisualStudioVersion = 17.4.33205.214
MinimumVisualStudioVersion = 10.0.40219.1
Project("{FAE04EC0-301F-11D3-BF4B-00C04F79EFBC}") = "FirmaSiparisApp.Web", "FirmaSiparisApp.Web\FirmaSiparisApp.Web.csproj", "{FD2B764D-8E48-4392-8F92-082EEEA550CA}"
EndProject
Project("{FAE04EC0-301F-11D3-BF4B-00C04F79EFBC}") = "FirmaSiparisApp.Entity", "FirmaSiparisApp.Entity\FirmaSiparisApp.Entity.csproj", "{0F30D841-6324-43DB-922E-C87FB63C04C4}"
EndProject
Project("{FAE04EC0-301F-11D3-BF4B-00C04F79EFBC}") = "FirmaSiparisApp.Data", "FirmaSiparisApp.Data\FirmaSiparisApp.Data.csproj", "{EF1DF067-175D-4EA9-AFAE-210DB32F11E8}"
EndProject
Project("{FAE04EC0-301F-11D3-BF4B-00C04F79EFBC}") = "FirmaSiparisApp.Service", "FirmaSiparisApp.Service\FirmaSiparisApp.Service.csproj", "{CDB845D5-5836-48CD-868D-40626F3BC27F}"
EndProject
Project("{FAE04EC0-301F-11D3-BF4B-00C04F79EFBC}") = "FirmaSiparisApp.Api", "FirmaSiparisApp.Api\FirmaSiparisApp.Api.csproj", "{76FAC3DF-D5BA-4E3F-BC3F-EEA821139FF2}"
EndProject
Global
	GlobalSection(SolutionConfigurationPlatforms) = preSolution
		Debug|Any CPU = Debug|Any CPU
		Release|Any CPU = Release|Any CPU
	EndGlobalSection
	GlobalSection(ProjectConfigurationPlatforms) = postSolution
		{FD2B764D-8E48-4392-8F92-082EEEA550CA}.Debug|Any CPU.ActiveCfg = Debug|Any CPU
		{FD2B764D-8E48-4392-8F92-082EEEA550CA}.Debug|Any CPU.Build.0 = Debug|Any CPU
		{FD2B764D-8E48-4392-8F92-082EEEA550CA}.Release|Any CPU.ActiveCfg = Release|Any CPU
		{FD2B764D-8E48-4392-8F92-082EEEA550CA}.Release|Any CPU.Build.0 = Release|Any CPU
		{0F30D841-6324-43DB-922E-C87FB63C04C4}.Debug|Any CPU.ActiveCfg = Debug|Any CPU
		{0F30D841-6324-43DB-922E-C87FB63C04C4}.Debug|Any CPU.Build.0 = Debug|Any CPU
		{0F30D841-6324-43DB-922E-C87FB63C04C4}.Release|Any CPU.ActiveCfg = Release|Any CPU
		{0F30D841-6324-43DB-922E-C87FB63C04C4}.Release|Any CPU.Build.0 = Release|Any CPU
		{EF1DF067-175D-4EA9-AFAE-210DB32F11E8}.Debug|Any CPU.ActiveCfg = Debug|Any CPU
		{EF1DF067-175D-4EA9-AFAE-210DB32F11E8}.Debug|Any CPU.Build.0 = Debug|Any CPU
		{EF1DF067-175D-4EA9-AFAE-210DB32F11E8}.Release|Any CPU.ActiveCfg = Release|Any CPU
		{EF1DF067-175D-4EA9-AFAE-210DB32F11E8}.Release|Any CPU.Build.0 = Release|Any CPU
		{CDB845D5-5836-48CD-868D-40626F3BC27F}.Debug|Any CPU.ActiveCfg = Debug|Any CPU
		{CDB845D5-5836-48CD-868D-40626F3BC27F}.Debug|Any CPU.Build.0 = Debug|Any CPU
		{CDB845D5-5836-48CD-868D-40626F3BC27F}.Release|Any CPU.ActiveCfg = Release|Any CPU
		{CDB845D5-5836-48CD-868D-40626F3BC27F}.Release|Any CPU.Build.0 = Release|Any CPU
		{76FAC3DF-D5BA-4E3F-BC3F-EEA821139FF2}.Debug|Any CPU.ActiveCfg = Debug|Any CPU
		{76FAC3DF-D5BA-4E3F-BC3F-EEA821139FF2}.Debug|Any CPU.Build.0 = Debug|Any CPU
		{76FAC3DF-D5BA-4E3F-BC3F-EEA821139FF2}.Release|Any CPU.ActiveCfg = Release|Any CPU
		{76FAC3DF-D5BA-4E3F-BC3F-EEA821139FF2}.Release|Any CPU.Build.0 = Release|Any CPU
	EndGlobalSection
	GlobalSection(SolutionProperties) = preSolution
		HideSolutionNode = FALSE
	EndGlobalSection
	GlobalSection(ExtensibilityGlobals) = postSolution
		SolutionGuid = {1A47BCF8-0EDD-434B-911D-D5B8F3EB7A2A}
	EndGlobalSection
EndGlobal
